{
  "name": "@matthewharwood/wcb3-accordion",
  "version": "1.0.0",
  "lockfileVersion": 1,
  "requires": true,
  "dependencies": {
    "@matthewharwood/dotcom-styles": {
      "version": "1.0.0",
      "resolved": "http://localhost:4873/@matthewharwood%2fdotcom-styles/-/dotcom-styles-1.0.0.tgz",
      "integrity": "sha1-qMkczg9kFt9nR4fwpTqNxEM+hs0="
    }
  }
}
